
Microsoft Visual Studio Solution File, Format Version 12.00
# Visual Studio Version 17
VisualStudioVersion = 17.6.33815.320
MinimumVisualStudioVersion = 10.0.40219.1
Project("{FAE04EC0-301F-11D3-BF4B-00C04F79EFBC}") = "MazeAStar", "MazeAStar\MazeAStar.csproj", "{FDBC541E-6114-4DDC-9A20-D4F0BD24C79F}"
EndProject
Global
	GlobalSection(SolutionConfigurationPlatforms) = preSolution
		Debug|Any CPU = Debug|Any CPU
		Release|Any CPU = Release|Any CPU
	EndGlobalSection
	GlobalSection(ProjectConfigurationPlatforms) = postSolution
		{FDBC541E-6114-4DDC-9A20-D4F0BD24C79F}.Debug|Any CPU.ActiveCfg = Debug|Any CPU
		{FDBC541E-6114-4DDC-9A20-D4F0BD24C79F}.Debug|Any CPU.Build.0 = Debug|Any CPU
		{FDBC541E-6114-4DDC-9A20-D4F0BD24C79F}.Release|Any CPU.ActiveCfg = Release|Any CPU
		{FDBC541E-6114-4DDC-9A20-D4F0BD24C79F}.Release|Any CPU.Build.0 = Release|Any CPU
	EndGlobalSection
	GlobalSection(SolutionProperties) = preSolution
		HideSolutionNode = FALSE
	EndGlobalSection
	GlobalSection(ExtensibilityGlobals) = postSolution
		SolutionGuid = {3D2829B7-F13C-45B6-8242-8280A98CBC6E}
	EndGlobalSection
EndGlobal
